
Microsoft Visual Studio Solution File, Format Version 12.00
# Visual Studio Version 17
VisualStudioVersion = 17.1.32228.430
MinimumVisualStudioVersion = 10.0.40219.1
Project("{9A19103F-16F7-4668-BE54-9A1E7A4F7556}") = "Zs.Bot.Data", "src\Zs.Bot.Data\Zs.Bot.Data.csproj", "{543F915F-1E11-4D56-AEDD-255F5D988E38}"
EndProject
Project("{9A19103F-16F7-4668-BE54-9A1E7A4F7556}") = "Zs.Bot.Data.PostgreSQL", "src\PostgreSQL\Zs.Bot.Data.PostgreSQL.csproj", "{5AA80A46-A979-4B83-B8CC-C67AA1F5579B}"
EndProject
Project("{9A19103F-16F7-4668-BE54-9A1E7A4F7556}") = "Zs.Bot.Data.SQLite", "src\SQLite\Zs.Bot.Data.SQLite.csproj", "{37929E3D-D780-4A8C-AB11-C2E30A209ECA}"
EndProject
Global
	GlobalSection(SolutionConfigurationPlatforms) = preSolution
		Debug|Any CPU = Debug|Any CPU
		Release|Any CPU = Release|Any CPU
	EndGlobalSection
	GlobalSection(ProjectConfigurationPlatforms) = postSolution
		{543F915F-1E11-4D56-AEDD-255F5D988E38}.Debug|Any CPU.ActiveCfg = Debug|Any CPU
		{543F915F-1E11-4D56-AEDD-255F5D988E38}.Debug|Any CPU.Build.0 = Debug|Any CPU
		{543F915F-1E11-4D56-AEDD-255F5D988E38}.Release|Any CPU.ActiveCfg = Release|Any CPU
		{543F915F-1E11-4D56-AEDD-255F5D988E38}.Release|Any CPU.Build.0 = Release|Any CPU
		{5AA80A46-A979-4B83-B8CC-C67AA1F5579B}.Debug|Any CPU.ActiveCfg = Debug|Any CPU
		{5AA80A46-A979-4B83-B8CC-C67AA1F5579B}.Debug|Any CPU.Build.0 = Debug|Any CPU
		{5AA80A46-A979-4B83-B8CC-C67AA1F5579B}.Release|Any CPU.ActiveCfg = Release|Any CPU
		{5AA80A46-A979-4B83-B8CC-C67AA1F5579B}.Release|Any CPU.Build.0 = Release|Any CPU
		{37929E3D-D780-4A8C-AB11-C2E30A209ECA}.Debug|Any CPU.ActiveCfg = Debug|Any CPU
		{37929E3D-D780-4A8C-AB11-C2E30A209ECA}.Debug|Any CPU.Build.0 = Debug|Any CPU
		{37929E3D-D780-4A8C-AB11-C2E30A209ECA}.Release|Any CPU.ActiveCfg = Release|Any CPU
		{37929E3D-D780-4A8C-AB11-C2E30A209ECA}.Release|Any CPU.Build.0 = Release|Any CPU
	EndGlobalSection
	GlobalSection(SolutionProperties) = preSolution
		HideSolutionNode = FALSE
	EndGlobalSection
	GlobalSection(ExtensibilityGlobals) = postSolution
		SolutionGuid = {CAE56245-AABD-4E28-B419-B37D49AD06AB}
	EndGlobalSection
EndGlobal
